// !$*UTF8*$!
{
	archiveVersion = 1;
	classes = {
	};
	objectVersion = 50;
	objects = {

/* Begin PBXBuildFile section */
		B19499E826AF9BA500E611F2 /* AppDelegate.swift in Sources */ = {isa = PBXBuildFile; fileRef = B19499E726AF9BA500E611F2 /* AppDelegate.swift */; };
		B19499EA26AF9BA500E611F2 /* SceneDelegate.swift in Sources */ = {isa = PBXBuildFile; fileRef = B19499E926AF9BA500E611F2 /* SceneDelegate.swift */; };
		B19499EC26AF9BA500E611F2 /* ViewController.swift in Sources */ = {isa = PBXBuildFile; fileRef = B19499EB26AF9BA500E611F2 /* ViewController.swift */; };
		B19499EF26AF9BA500E611F2 /* Main.storyboard in Resources */ = {isa = PBXBuildFile; fileRef = B19499ED26AF9BA500E611F2 /* Main.storyboard */; };
		B19499F126AF9BA700E611F2 /* Assets.xcassets in Resources */ = {isa = PBXBuildFile; fileRef = B19499F026AF9BA700E611F2 /* Assets.xcassets */; };
		B19499F426AF9BA700E611F2 /* LaunchScreen.storyboard in Resources */ = {isa = PBXBuildFile; fileRef = B19499F226AF9BA700E611F2 /* LaunchScreen.storyboard */; };
		B19499FF26AF9BA700E611F2 /* DownLoadDemoTests.swift in Sources */ = {isa = PBXBuildFile; fileRef = B19499FE26AF9BA700E611F2 /* DownLoadDemoTests.swift */; };
		B1949A0A26AF9BA700E611F2 /* DownLoadDemoUITests.swift in Sources */ = {isa = PBXBuildFile; fileRef = B1949A0926AF9BA700E611F2 /* DownLoadDemoUITests.swift */; };
/* End PBXBuildFile section */

/* Begin PBXContainerItemProxy section */
		B19499FB26AF9BA700E611F2 /* PBXContainerItemProxy */ = {
			isa = PBXContainerItemProxy;
			containerPortal = B19499DC26AF9BA500E611F2 /* Project object */;
			proxyType = 1;
			remoteGlobalIDString = B19499E326AF9BA500E611F2;
			remoteInfo = DownLoadDemo;
		};
		B1949A0626AF9BA700E611F2 /* PBXContainerItemProxy */ = {
			isa = PBXContainerItemProxy;
			containerPortal = B19499DC26AF9BA500E611F2 /* Project object */;
			proxyType = 1;
			remoteGlobalIDString = B19499E326AF9BA500E611F2;
			remoteInfo = DownLoadDemo;
		};
/* End PBXContainerItemProxy section */

/* Begin PBXFileReference section */
		B19499E426AF9BA500E611F2 /* DownLoadDemo.app */ = {isa = PBXFileReference; explicitFileType = wrapper.application; includeInIndex = 0; path = DownLoadDemo.app; sourceTree = BUILT_PRODUCTS_DIR; };
		B19499E726AF9BA500E611F2 /* AppDelegate.swift */ = {isa = PBXFileReference; lastKnownFileType = sourcecode.swift; path = AppDelegate.swift; sourceTree = "<group>"; };
		B19499E926AF9BA500E611F2 /* SceneDelegate.swift */ = {isa = PBXFileReference; lastKnownFileType = sourcecode.swift; path = SceneDelegate.swift; sourceTree = "<group>"; };
		B19499EB26AF9BA500E611F2 /* ViewController.swift */ = {isa = PBXFileReference; lastKnownFileType = sourcecode.swift; path = ViewController.swift; sourceTree = "<group>"; };
		B19499EE26AF9BA500E611F2 /* Base */ = {isa = PBXFileReference; lastKnownFileType = file.storyboard; name = Base; path = Base.lproj/Main.storyboard; sourceTree = "<group>"; };
		B19499F026AF9BA700E611F2 /* Assets.xcassets */ = {isa = PBXFileReference; lastKnownFileType = folder.assetcatalog; path = Assets.xcassets; sourceTree = "<group>"; };
		B19499F326AF9BA700E611F2 /* Base */ = {isa = PBXFileReference; lastKnownFileType = file.storyboard; name = Base; path = Base.lproj/LaunchScreen.storyboard; sourceTree = "<group>"; };
		B19499F526AF9BA700E611F2 /* Info.plist */ = {isa = PBXFileReference; lastKnownFileType = text.plist.xml; path = Info.plist; sourceTree = "<group>"; };
		B19499FA26AF9BA700E611F2 /* DownLoadDemoTests.xctest */ = {isa = PBXFileReference; explicitFileType = wrapper.cfbundle; includeInIndex = 0; path = DownLoadDemoTests.xctest; sourceTree = BUILT_PRODUCTS_DIR; };
		B19499FE26AF9BA700E611F2 /* DownLoadDemoTests.swift */ = {isa = PBXFileReference; lastKnownFileType = sourcecode.swift; path = DownLoadDemoTests.swift; sourceTree = "<group>"; };
		B1949A0026AF9BA700E611F2 /* Info.plist */ = {isa = PBXFileReference; lastKnownFileType = text.plist.xml; path = Info.plist; sourceTree = "<group>"; };
		B1949A0526AF9BA700E611F2 /* DownLoadDemoUITests.xctest */ = {isa = PBXFileReference; explicitFileType = wrapper.cfbundle; includeInIndex = 0; path = DownLoadDemoUITests.xctest; sourceTree = BUILT_PRODUCTS_DIR; };
		B1949A0926AF9BA700E611F2 /* DownLoadDemoUITests.swift */ = {isa = PBXFileReference; lastKnownFileType = sourcecode.swift; path = DownLoadDemoUITests.swift; sourceTree = "<group>"; };
		B1949A0B26AF9BA700E611F2 /* Info.plist */ = {isa = PBXFileReference; lastKnownFileType = text.plist.xml; path = Info.plist; sourceTree = "<group>"; };
/* End PBXFileReference section */

/* Begin PBXFrameworksBuildPhase section */
		B19499E126AF9BA500E611F2 /* Frameworks */ = {
			isa = PBXFrameworksBuildPhase;
			buildActionMask = 2147483647;
			files = (
			);
			runOnlyForDeploymentPostprocessing = 0;
		};
		B19499F726AF9BA700E611F2 /* Frameworks */ = {
			isa = PBXFrameworksBuildPhase;
			buildActionMask = 2147483647;
			files = (
			);
			runOnlyForDeploymentPostprocessing = 0;
		};
		B1949A0226AF9BA700E611F2 /* Frameworks */ = {
			isa = PBXFrameworksBuildPhase;
			buildActionMask = 2147483647;
			files = (
			);
			runOnlyForDeploymentPostprocessing = 0;
		};
/* End PBXFrameworksBuildPhase section */

/* Begin PBXGroup section */
		B19499DB26AF9BA500E611F2 = {
			isa = PBXGroup;
			children = (
				B19499E626AF9BA500E611F2 /* DownLoadDemo */,
				B19499FD26AF9BA700E611F2 /* DownLoadDemoTests */,
				B1949A0826AF9BA700E611F2 /* DownLoadDemoUITests */,
				B19499E526AF9BA500E611F2 /* Products */,
			);
			sourceTree = "<group>";
		};
		B19499E526AF9BA500E611F2 /* Products */ = {
			isa = PBXGroup;
			children = (
				B19499E426AF9BA500E611F2 /* DownLoadDemo.app */,
				B19499FA26AF9BA700E611F2 /* DownLoadDemoTests.xctest */,
				B1949A0526AF9BA700E611F2 /* DownLoadDemoUITests.xctest */,
			);
			name = Products;
			sourceTree = "<group>";
		};
		B19499E626AF9BA500E611F2 /* DownLoadDemo */ = {
			isa = PBXGroup;
			children = (
				B19499E726AF9BA500E611F2 /* AppDelegate.swift */,
				B19499E926AF9BA500E611F2 /* SceneDelegate.swift */,
				B19499EB26AF9BA500E611F2 /* ViewController.swift */,
				B19499ED26AF9BA500E611F2 /* Main.storyboard */,
				B19499F026AF9BA700E611F2 /* Assets.xcassets */,
				B19499F226AF9BA700E611F2 /* LaunchScreen.storyboard */,
				B19499F526AF9BA700E611F2 /* Info.plist */,
			);
			path = DownLoadDemo;
			sourceTree = "<group>";
		};
		B19499FD26AF9BA700E611F2 /* DownLoadDemoTests */ = {
			isa = PBXGroup;
			children = (
				B19499FE26AF9BA700E611F2 /* DownLoadDemoTests.swift */,
				B1949A0026AF9BA700E611F2 /* Info.plist */,
			);
			path = DownLoadDemoTests;
			sourceTree = "<group>";
		};
		B1949A0826AF9BA700E611F2 /* DownLoadDemoUITests */ = {
			isa = PBXGroup;
			children = (
				B1949A0926AF9BA700E611F2 /* DownLoadDemoUITests.swift */,
				B1949A0B26AF9BA700E611F2 /* Info.plist */,
			);
			path = DownLoadDemoUITests;
			sourceTree = "<group>";
		};
/* End PBXGroup section */

/* Begin PBXNativeTarget section */
		B19499E326AF9BA500E611F2 /* DownLoadDemo */ = {
			isa = PBXNativeTarget;
			buildConfigurationList = B1949A0E26AF9BA700E611F2 /* Build configuration list for PBXNativeTarget "DownLoadDemo" */;
			buildPhases = (
				B19499E026AF9BA500E611F2 /* Sources */,
				B19499E126AF9BA500E611F2 /* Frameworks */,
				B19499E226AF9BA500E611F2 /* Resources */,
			);
			buildRules = (
			);
			dependencies = (
			);
			name = DownLoadDemo;
			productName = DownLoadDemo;
			productReference = B19499E426AF9BA500E611F2 /* DownLoadDemo.app */;
			productType = "com.apple.product-type.application";
		};
		B19499F926AF9BA700E611F2 /* DownLoadDemoTests */ = {
			isa = PBXNativeTarget;
			buildConfigurationList = B1949A1126AF9BA700E611F2 /* Build configuration list for PBXNativeTarget "DownLoadDemoTests" */;
			buildPhases = (
				B19499F626AF9BA700E611F2 /* Sources */,
				B19499F726AF9BA700E611F2 /* Frameworks */,
				B19499F826AF9BA700E611F2 /* Resources */,
			);
			buildRules = (
			);
			dependencies = (
				B19499FC26AF9BA700E611F2 /* PBXTargetDependency */,
			);
			name = DownLoadDemoTests;
			productName = DownLoadDemoTests;
			productReference = B19499FA26AF9BA700E611F2 /* DownLoadDemoTests.xctest */;
			productType = "com.apple.product-type.bundle.unit-test";
		};
		B1949A0426AF9BA700E611F2 /* DownLoadDemoUITests */ = {
			isa = PBXNativeTarget;
			buildConfigurationList = B1949A1426AF9BA700E611F2 /* Build configuration list for PBXNativeTarget "DownLoadDemoUITests" */;
			buildPhases = (
				B1949A0126AF9BA700E611F2 /* Sources */,
				B1949A0226AF9BA700E611F2 /* Frameworks */,
				B1949A0326AF9BA700E611F2 /* Resources */,
			);
			buildRules = (
			);
			dependencies = (
				B1949A0726AF9BA700E611F2 /* PBXTargetDependency */,
			);
			name = DownLoadDemoUITests;
			productName = DownLoadDemoUITests;
			productReference = B1949A0526AF9BA700E611F2 /* DownLoadDemoUITests.xctest */;
			productType = "com.apple.product-type.bundle.ui-testing";
		};
/* End PBXNativeTarget section */

/* Begin PBXProject section */
		B19499DC26AF9BA500E611F2 /* Project object */ = {
			isa = PBXProject;
			attributes = {
				LastSwiftUpdateCheck = 1250;
				LastUpgradeCheck = 1250;
				TargetAttributes = {
					B19499E326AF9BA500E611F2 = {
						CreatedOnToolsVersion = 12.5;
					};
					B19499F926AF9BA700E611F2 = {
						CreatedOnToolsVersion = 12.5;
						TestTargetID = B19499E326AF9BA500E611F2;
					};
					B1949A0426AF9BA700E611F2 = {
						CreatedOnToolsVersion = 12.5;
						TestTargetID = B19499E326AF9BA500E611F2;
					};
				};
			};
			buildConfigurationList = B19499DF26AF9BA500E611F2 /* Build configuration list for PBXProject "DownLoadDemo" */;
			compatibilityVersion = "Xcode 9.3";
			developmentRegion = en;
			hasScannedForEncodings = 0;
			knownRegions = (
				en,
				Base,
			);
			mainGroup = B19499DB26AF9BA500E611F2;
			productRefGroup = B19499E526AF9BA500E611F2 /* Products */;
			projectDirPath = "";
			projectRoot = "";
			targets = (
				B19499E326AF9BA500E611F2 /* DownLoadDemo */,
				B19499F926AF9BA700E611F2 /* DownLoadDemoTests */,
				B1949A0426AF9BA700E611F2 /* DownLoadDemoUITests */,
			);
		};
/* End PBXProject section */

/* Begin PBXResourcesBuildPhase section */
		B19499E226AF9BA500E611F2 /* Resources */ = {
			isa = PBXResourcesBuildPhase;
			buildActionMask = 2147483647;
			files = (
				B19499F426AF9BA700E611F2 /* LaunchScreen.storyboard in Resources */,
				B19499F126AF9BA700E611F2 /* Assets.xcassets in Resources */,
				B19499EF26AF9BA500E611F2 /* Main.storyboard in Resources */,
			);
			runOnlyForDeploymentPostprocessing = 0;
		};
		B19499F826AF9BA700E611F2 /* Resources */ = {
			isa = PBXResourcesBuildPhase;
			buildActionMask = 2147483647;
			files = (
			);
			runOnlyForDeploymentPostprocessing = 0;
		};
		B1949A0326AF9BA700E611F2 /* Resources */ = {
			isa = PBXResourcesBuildPhase;
			buildActionMask = 2147483647;
			files = (
			);
			runOnlyForDeploymentPostprocessing = 0;
		};
/* End PBXResourcesBuildPhase section */

/* Begin PBXSourcesBuildPhase section */
		B19499E026AF9BA500E611F2 /* Sources */ = {
			isa = PBXSourcesBuildPhase;
			buildActionMask = 2147483647;
			files = (
				B19499EC26AF9BA500E611F2 /* ViewController.swift in Sources */,
				B19499E826AF9BA500E611F2 /* AppDelegate.swift in Sources */,
				B19499EA26AF9BA500E611F2 /* SceneDelegate.swift in Sources */,
			);
			runOnlyForDeploymentPostprocessing = 0;
		};
		B19499F626AF9BA700E611F2 /* Sources */ = {
			isa = PBXSourcesBuildPhase;
			buildActionMask = 2147483647;
			files = (
				B19499FF26AF9BA700E611F2 /* DownLoadDemoTests.swift in Sources */,
			);
			runOnlyForDeploymentPostprocessing = 0;
		};
		B1949A0126AF9BA700E611F2 /* Sources */ = {
			isa = PBXSourcesBuildPhase;
			buildActionMask = 2147483647;
			files = (
				B1949A0A26AF9BA700E611F2 /* DownLoadDemoUITests.swift in Sources */,
			);
			runOnlyForDeploymentPostprocessing = 0;
		};
/* End PBXSourcesBuildPhase section */

/* Begin PBXTargetDependency section */
		B19499FC26AF9BA700E611F2 /* PBXTargetDependency */ = {
			isa = PBXTargetDependency;
			target = B19499E326AF9BA500E611F2 /* DownLoadDemo */;
			targetProxy = B19499FB26AF9BA700E611F2 /* PBXContainerItemProxy */;
		};
		B1949A0726AF9BA700E611F2 /* PBXTargetDependency */ = {
			isa = PBXTargetDependency;
			target = B19499E326AF9BA500E611F2 /* DownLoadDemo */;
			targetProxy = B1949A0626AF9BA700E611F2 /* PBXContainerItemProxy */;
		};
/* End PBXTargetDependency section */

/* Begin PBXVariantGroup section */
		B19499ED26AF9BA500E611F2 /* Main.storyboard */ = {
			isa = PBXVariantGroup;
			children = (
				B19499EE26AF9BA500E611F2 /* Base */,
			);
			name = Main.storyboard;
			sourceTree = "<group>";
		};
		B19499F226AF9BA700E611F2 /* LaunchScreen.storyboard */ = {
			isa = PBXVariantGroup;
			children = (
				B19499F326AF9BA700E611F2 /* Base */,
			);
			name = LaunchScreen.storyboard;
			sourceTree = "<group>";
		};
/* End PBXVariantGroup section */

/* Begin XCBuildConfiguration section */
		B1949A0C26AF9BA700E611F2 /* Debug */ = {
			isa = XCBuildConfiguration;
			buildSettings = {
				ALWAYS_SEARCH_USER_PATHS = NO;
				CLANG_ANALYZER_NONNULL = YES;
				CLANG_ANALYZER_NUMBER_OBJECT_CONVERSION = YES_AGGRESSIVE;
				CLANG_CXX_LANGUAGE_STANDARD = "gnu++14";
				CLANG_CXX_LIBRARY = "libc++";
				CLANG_ENABLE_MODULES = YES;
				CLANG_ENABLE_OBJC_ARC = YES;
				CLANG_ENABLE_OBJC_WEAK = YES;
				CLANG_WARN_BLOCK_CAPTURE_AUTORELEASING = YES;
				CLANG_WARN_BOOL_CONVERSION = YES;
				CLANG_WARN_COMMA = YES;
				CLANG_WARN_CONSTANT_CONVERSION = YES;
				CLANG_WARN_DEPRECATED_OBJC_IMPLEMENTATIONS = YES;
				CLANG_WARN_DIRECT_OBJC_ISA_USAGE = YES_ERROR;
				CLANG_WARN_DOCUMENTATION_COMMENTS = YES;
				CLANG_WARN_EMPTY_BODY = YES;
				CLANG_WARN_ENUM_CONVERSION = YES;
				CLANG_WARN_INFINITE_RECURSION = YES;
				CLANG_WARN_INT_CONVERSION = YES;
				CLANG_WARN_NON_LITERAL_NULL_CONVERSION = YES;
				CLANG_WARN_OBJC_IMPLICIT_RETAIN_SELF = YES;
				CLANG_WARN_OBJC_LITERAL_CONVERSION = YES;
				CLANG_WARN_OBJC_ROOT_CLASS = YES_ERROR;
				CLANG_WARN_QUOTED_INCLUDE_IN_FRAMEWORK_HEADER = YES;
				CLANG_WARN_RANGE_LOOP_ANALYSIS = YES;
				CLANG_WARN_STRICT_PROTOTYPES = YES;
				CLANG_WARN_SUSPICIOUS_MOVE = YES;
				CLANG_WARN_UNGUARDED_AVAILABILITY = YES_AGGRESSIVE;
				CLANG_WARN_UNREACHABLE_CODE = YES;
				CLANG_WARN__DUPLICATE_METHOD_MATCH = YES;
				COPY_PHASE_STRIP = NO;
				DEBUG_INFORMATION_FORMAT = dwarf;
				ENABLE_STRICT_OBJC_MSGSEND = YES;
				ENABLE_TESTABILITY = YES;
				GCC_C_LANGUAGE_STANDARD = gnu11;
				GCC_DYNAMIC_NO_PIC = NO;
				GCC_NO_COMMON_BLOCKS = YES;
				GCC_OPTIMIZATION_LEVEL = 0;
				GCC_PREPROCESSOR_DEFINITIONS = (
					"DEBUG=1",
					"$(inherited)",
				);
				GCC_WARN_64_TO_32_BIT_CONVERSION = YES;
				GCC_WARN_ABOUT_RETURN_TYPE = YES_ERROR;
				GCC_WARN_UNDECLARED_SELECTOR = YES;
				GCC_WARN_UNINITIALIZED_AUTOS = YES_AGGRESSIVE;
				GCC_WARN_UNUSED_FUNCTION = YES;
				GCC_WARN_UNUSED_VARIABLE = YES;
				IPHONEOS_DEPLOYMENT_TARGET = 14.5;
				MTL_ENABLE_DEBUG_INFO = INCLUDE_SOURCE;
				MTL_FAST_MATH = YES;
				ONLY_ACTIVE_ARCH = YES;
				SDKROOT = iphoneos;
				SWIFT_ACTIVE_COMPILATION_CONDITIONS = DEBUG;
				SWIFT_OPTIMIZATION_LEVEL = "-Onone";
			};
			name = Debug;
		};
		B1949A0D26AF9BA700E611F2 /* Release */ = {
			isa = XCBuildConfiguration;
			buildSettings = {
				ALWAYS_SEARCH_USER_PATHS = NO;
				CLANG_ANALYZER_NONNULL = YES;
				CLANG_ANALYZER_NUMBER_OBJECT_CONVERSION = YES_AGGRESSIVE;
				CLANG_CXX_LANGUAGE_STANDARD = "gnu++14";
				CLANG_CXX_LIBRARY = "libc++";
				CLANG_ENABLE_MODULES = YES;
				CLANG_ENABLE_OBJC_ARC = YES;
				CLANG_ENABLE_OBJC_WEAK = YES;
				CLANG_WARN_BLOCK_CAPTURE_AUTORELEASING = YES;
				CLANG_WARN_BOOL_CONVERSION = YES;
				CLANG_WARN_COMMA = YES;
				CLANG_WARN_CONSTANT_CONVERSION = YES;
				CLANG_WARN_DEPRECATED_OBJC_IMPLEMENTATIONS = YES;
				CLANG_WARN_DIRECT_OBJC_ISA_USAGE = YES_ERROR;
				CLANG_WARN_DOCUMENTATION_COMMENTS = YES;
				CLANG_WARN_EMPTY_BODY = YES;
				CLANG_WARN_ENUM_CONVERSION = YES;
				CLANG_WARN_INFINITE_RECURSION = YES;
				CLANG_WARN_INT_CONVERSION = YES;
				CLANG_WARN_NON_LITERAL_NULL_CONVERSION = YES;
				CLANG_WARN_OBJC_IMPLICIT_RETAIN_SELF = YES;
				CLANG_WARN_OBJC_LITERAL_CONVERSION = YES;
				CLANG_WARN_OBJC_ROOT_CLASS = YES_ERROR;
				CLANG_WARN_QUOTED_INCLUDE_IN_FRAMEWORK_HEADER = YES;
				CLANG_WARN_RANGE_LOOP_ANALYSIS = YES;
				CLANG_WARN_STRICT_PROTOTYPES = YES;
				CLANG_WARN_SUSPICIOUS_MOVE = YES;
				CLANG_WARN_UNGUARDED_AVAILABILITY = YES_AGGRESSIVE;
				CLANG_WARN_UNREACHABLE_CODE = YES;
				CLANG_WARN__DUPLICATE_METHOD_MATCH = YES;
				COPY_PHASE_STRIP = NO;
				DEBUG_INFORMATION_FORMAT = "dwarf-with-dsym";
				ENABLE_NS_ASSERTIONS = NO;
				ENABLE_STRICT_OBJC_MSGSEND = YES;
				GCC_C_LANGUAGE_STANDARD = gnu11;
				GCC_NO_COMMON_BLOCKS = YES;
				GCC_WARN_64_TO_32_BIT_CONVERSION = YES;
				GCC_WARN_ABOUT_RETURN_TYPE = YES_ERROR;
				GCC_WARN_UNDECLARED_SELECTOR = YES;
				GCC_WARN_UNINITIALIZED_AUTOS = YES_AGGRESSIVE;
				GCC_WARN_UNUSED_FUNCTION = YES;
				GCC_WARN_UNUSED_VARIABLE = YES;
				IPHONEOS_DEPLOYMENT_TARGET = 14.5;
				MTL_ENABLE_DEBUG_INFO = NO;
				MTL_FAST_MATH = YES;
				SDKROOT = iphoneos;
				SWIFT_COMPILATION_MODE = wholemodule;
				SWIFT_OPTIMIZATION_LEVEL = "-O";
				VALIDATE_PRODUCT = YES;
			};
			name = Release;
		};
		B1949A0F26AF9BA700E611F2 /* Debug */ = {
			isa = XCBuildConfiguration;
			buildSettings = {
				ASSETCATALOG_COMPILER_APPICON_NAME = AppIcon;
				ASSETCATALOG_COMPILER_GLOBAL_ACCENT_COLOR_NAME = AccentColor;
				CODE_SIGN_STYLE = Automatic;
				DEVELOPMENT_TEAM = 6XKTT6NGLD;
				INFOPLIST_FILE = DownLoadDemo/Info.plist;
				LD_RUNPATH_SEARCH_PATHS = (
					"$(inherited)",
					"@executable_path/Frameworks",
				);
				PRODUCT_BUNDLE_IDENTIFIER = zy.com.DownLoadDemo;
				PRODUCT_NAME = "$(TARGET_NAME)";
				SWIFT_VERSION = 5.0;
				TARGETED_DEVICE_FAMILY = "1,2";
			};
			name = Debug;
		};
		B1949A1026AF9BA700E611F2 /* Release */ = {
			isa = XCBuildConfiguration;
			buildSettings = {
				ASSETCATALOG_COMPILER_APPICON_NAME = AppIcon;
				ASSETCATALOG_COMPILER_GLOBAL_ACCENT_COLOR_NAME = AccentColor;
				CODE_SIGN_STYLE = Automatic;
				DEVELOPMENT_TEAM = 6XKTT6NGLD;
				INFOPLIST_FILE = DownLoadDemo/Info.plist;
				LD_RUNPATH_SEARCH_PATHS = (
					"$(inherited)",
					"@executable_path/Frameworks",
				);
				PRODUCT_BUNDLE_IDENTIFIER = zy.com.DownLoadDemo;
				PRODUCT_NAME = "$(TARGET_NAME)";
				SWIFT_VERSION = 5.0;
				TARGETED_DEVICE_FAMILY = "1,2";
			};
			name = Release;
		};
		B1949A1226AF9BA700E611F2 /* Debug */ = {
			isa = XCBuildConfiguration;
			buildSettings = {
				ALWAYS_EMBED_SWIFT_STANDARD_LIBRARIES = YES;
				BUNDLE_LOADER = "$(TEST_HOST)";
				CODE_SIGN_STYLE = Automatic;
				DEVELOPMENT_TEAM = 6XKTT6NGLD;
				INFOPLIST_FILE = DownLoadDemoTests/Info.plist;
				IPHONEOS_DEPLOYMENT_TARGET = 14.5;
				LD_RUNPATH_SEARCH_PATHS = (
					"$(inherited)",
					"@executable_path/Frameworks",
					"@loader_path/Frameworks",
				);
				PRODUCT_BUNDLE_IDENTIFIER = zy.com.DownLoadDemoTests;
				PRODUCT_NAME = "$(TARGET_NAME)";
				SWIFT_VERSION = 5.0;
				TARGETED_DEVICE_FAMILY = "1,2";
				TEST_HOST = "$(BUILT_PRODUCTS_DIR)/DownLoadDemo.app/DownLoadDemo";
			};
			name = Debug;
		};
		B1949A1326AF9BA700E611F2 /* Release */ = {
			isa = XCBuildConfiguration;
			buildSettings = {
				ALWAYS_EMBED_SWIFT_STANDARD_LIBRARIES = YES;
				BUNDLE_LOADER = "$(TEST_HOST)";
				CODE_SIGN_STYLE = Automatic;
				DEVELOPMENT_TEAM = 6XKTT6NGLD;
				INFOPLIST_FILE = DownLoadDemoTests/Info.plist;
				IPHONEOS_DEPLOYMENT_TARGET = 14.5;
				LD_RUNPATH_SEARCH_PATHS = (
					"$(inherited)",
					"@executable_path/Frameworks",
					"@loader_path/Frameworks",
				);
				PRODUCT_BUNDLE_IDENTIFIER = zy.com.DownLoadDemoTests;
				PRODUCT_NAME = "$(TARGET_NAME)";
				SWIFT_VERSION = 5.0;
				TARGETED_DEVICE_FAMILY = "1,2";
				TEST_HOST = "$(BUILT_PRODUCTS_DIR)/DownLoadDemo.app/DownLoadDemo";
			};
			name = Release;
		};
		B1949A1526AF9BA700E611F2 /* Debug */ = {
			isa = XCBuildConfiguration;
			buildSettings = {
				ALWAYS_EMBED_SWIFT_STANDARD_LIBRARIES = YES;
				CODE_SIGN_STYLE = Automatic;
				DEVELOPMENT_TEAM = 6XKTT6NGLD;
				INFOPLIST_FILE = DownLoadDemoUITests/Info.plist;
				LD_RUNPATH_SEARCH_PATHS = (
					"$(inherited)",
					"@executable_path/Frameworks",
					"@loader_path/Frameworks",
				);
				PRODUCT_BUNDLE_IDENTIFIER = zy.com.DownLoadDemoUITests;
				PRODUCT_NAME = "$(TARGET_NAME)";
				SWIFT_VERSION = 5.0;
				TARGETED_DEVICE_FAMILY = "1,2";
				TEST_TARGET_NAME = DownLoadDemo;
			};
			name = Debug;
		};
		B1949A1626AF9BA700E611F2 /* Release */ = {
			isa = XCBuildConfiguration;
			buildSettings = {
				ALWAYS_EMBED_SWIFT_STANDARD_LIBRARIES = YES;
				CODE_SIGN_STYLE = Automatic;
				DEVELOPMENT_TEAM = 6XKTT6NGLD;
				INFOPLIST_FILE = DownLoadDemoUITests/Info.plist;
				LD_RUNPATH_SEARCH_PATHS = (
					"$(inherited)",
					"@executable_path/Frameworks",
					"@loader_path/Frameworks",
				);
				PRODUCT_BUNDLE_IDENTIFIER = zy.com.DownLoadDemoUITests;
				PRODUCT_NAME = "$(TARGET_NAME)";
				SWIFT_VERSION = 5.0;
				TARGETED_DEVICE_FAMILY = "1,2";
				TEST_TARGET_NAME = DownLoadDemo;
			};
			name = Release;
		};
/* End XCBuildConfiguration section */

/* Begin XCConfigurationList section */
		B19499DF26AF9BA500E611F2 /* Build configuration list for PBXProject "DownLoadDemo" */ = {
			isa = XCConfigurationList;
			buildConfigurations = (
				B1949A0C26AF9BA700E611F2 /* Debug */,
				B1949A0D26AF9BA700E611F2 /* Release */,
			);
			defaultConfigurationIsVisible = 0;
			defaultConfigurationName = Release;
		};
		B1949A0E26AF9BA700E611F2 /* Build configuration list for PBXNativeTarget "DownLoadDemo" */ = {
			isa = XCConfigurationList;
			buildConfigurations = (
				B1949A0F26AF9BA700E611F2 /* Debug */,
				B1949A1026AF9BA700E611F2 /* Release */,
			);
			defaultConfigurationIsVisible = 0;
			defaultConfigurationName = Release;
		};
		B1949A1126AF9BA700E611F2 /* Build configuration list for PBXNativeTarget "DownLoadDemoTests" */ = {
			isa = XCConfigurationList;
			buildConfigurations = (
				B1949A1226AF9BA700E611F2 /* Debug */,
				B1949A1326AF9BA700E611F2 /* Release */,
			);
			defaultConfigurationIsVisible = 0;
			defaultConfigurationName = Release;
		};
		B1949A1426AF9BA700E611F2 /* Build configuration list for PBXNativeTarget "DownLoadDemoUITests" */ = {
			isa = XCConfigurationList;
			buildConfigurations = (
				B1949A1526AF9BA700E611F2 /* Debug */,
				B1949A1626AF9BA700E611F2 /* Release */,
			);
			defaultConfigurationIsVisible = 0;
			defaultConfigurationName = Release;
		};
/* End XCConfigurationList section */
	};
	rootObject = B19499DC26AF9BA500E611F2 /* Project object */;
}
